
Microsoft Visual Studio Solution File, Format Version 12.00
# Visual Studio Version 16
VisualStudioVersion = 16.0.810.22
MinimumVisualStudioVersion = 10.0.40219.1
Project("{FAE04EC0-301F-11D3-BF4B-00C04F79EFBC}") = "Hello", "Hello\Hello.csproj", "{5C68C48B-7CC4-4D49-A4EE-C6CE6DD1B7C7}"
EndProject
Global
	GlobalSection(SolutionConfigurationPlatforms) = preSolution
		Debug|Any CPU = Debug|Any CPU
		Release|Any CPU = Release|Any CPU
	EndGlobalSection
	GlobalSection(ProjectConfigurationPlatforms) = postSolution
		{5C68C48B-7CC4-4D49-A4EE-C6CE6DD1B7C7}.Debug|Any CPU.ActiveCfg = Debug|Any CPU
		{5C68C48B-7CC4-4D49-A4EE-C6CE6DD1B7C7}.Debug|Any CPU.Build.0 = Debug|Any CPU
		{5C68C48B-7CC4-4D49-A4EE-C6CE6DD1B7C7}.Release|Any CPU.ActiveCfg = Release|Any CPU
		{5C68C48B-7CC4-4D49-A4EE-C6CE6DD1B7C7}.Release|Any CPU.Build.0 = Release|Any CPU
	EndGlobalSection
	GlobalSection(SolutionProperties) = preSolution
		HideSolutionNode = FALSE
	EndGlobalSection
	GlobalSection(ExtensibilityGlobals) = postSolution
		SolutionGuid = {766A1F10-18F4-4326-BD13-98F6A0E9DF21}
	EndGlobalSection
EndGlobal
